
Microsoft Visual Studio Solution File, Format Version 12.00
# Visual Studio 15
VisualStudioVersion = 15.0.26124.0
MinimumVisualStudioVersion = 15.0.26124.0
Project("{FAE04EC0-301F-11D3-BF4B-00C04F79EFBC}") = "Domain", "Domain\Domain.csproj", "{00D87038-E732-4E51-B526-0C0DAFA0ED30}"
EndProject
Project("{FAE04EC0-301F-11D3-BF4B-00C04F79EFBC}") = "Application", "Application\Application.csproj", "{AADE6138-D525-4B3B-B05A-34C98594D27C}"
EndProject
Project("{FAE04EC0-301F-11D3-BF4B-00C04F79EFBC}") = "Persistence", "Persistence\Persistence.csproj", "{019F8627-DD0A-400E-9767-27BD47D80367}"
EndProject
Project("{FAE04EC0-301F-11D3-BF4B-00C04F79EFBC}") = "API", "API\API.csproj", "{65041182-1629-406C-820A-840AAD274EA7}"
EndProject
Global
	GlobalSection(SolutionConfigurationPlatforms) = preSolution
		Debug|Any CPU = Debug|Any CPU
		Debug|x64 = Debug|x64
		Debug|x86 = Debug|x86
		Release|Any CPU = Release|Any CPU
		Release|x64 = Release|x64
		Release|x86 = Release|x86
	EndGlobalSection
	GlobalSection(SolutionProperties) = preSolution
		HideSolutionNode = FALSE
	EndGlobalSection
	GlobalSection(ProjectConfigurationPlatforms) = postSolution
		{00D87038-E732-4E51-B526-0C0DAFA0ED30}.Debug|Any CPU.ActiveCfg = Debug|Any CPU
		{00D87038-E732-4E51-B526-0C0DAFA0ED30}.Debug|Any CPU.Build.0 = Debug|Any CPU
		{00D87038-E732-4E51-B526-0C0DAFA0ED30}.Debug|x64.ActiveCfg = Debug|Any CPU
		{00D87038-E732-4E51-B526-0C0DAFA0ED30}.Debug|x64.Build.0 = Debug|Any CPU
		{00D87038-E732-4E51-B526-0C0DAFA0ED30}.Debug|x86.ActiveCfg = Debug|Any CPU
		{00D87038-E732-4E51-B526-0C0DAFA0ED30}.Debug|x86.Build.0 = Debug|Any CPU
		{00D87038-E732-4E51-B526-0C0DAFA0ED30}.Release|Any CPU.ActiveCfg = Release|Any CPU
		{00D87038-E732-4E51-B526-0C0DAFA0ED30}.Release|Any CPU.Build.0 = Release|Any CPU
		{00D87038-E732-4E51-B526-0C0DAFA0ED30}.Release|x64.ActiveCfg = Release|Any CPU
		{00D87038-E732-4E51-B526-0C0DAFA0ED30}.Release|x64.Build.0 = Release|Any CPU
		{00D87038-E732-4E51-B526-0C0DAFA0ED30}.Release|x86.ActiveCfg = Release|Any CPU
		{00D87038-E732-4E51-B526-0C0DAFA0ED30}.Release|x86.Build.0 = Release|Any CPU
		{AADE6138-D525-4B3B-B05A-34C98594D27C}.Debug|Any CPU.ActiveCfg = Debug|Any CPU
		{AADE6138-D525-4B3B-B05A-34C98594D27C}.Debug|Any CPU.Build.0 = Debug|Any CPU
		{AADE6138-D525-4B3B-B05A-34C98594D27C}.Debug|x64.ActiveCfg = Debug|Any CPU
		{AADE6138-D525-4B3B-B05A-34C98594D27C}.Debug|x64.Build.0 = Debug|Any CPU
		{AADE6138-D525-4B3B-B05A-34C98594D27C}.Debug|x86.ActiveCfg = Debug|Any CPU
		{AADE6138-D525-4B3B-B05A-34C98594D27C}.Debug|x86.Build.0 = Debug|Any CPU
		{AADE6138-D525-4B3B-B05A-34C98594D27C}.Release|Any CPU.ActiveCfg = Release|Any CPU
		{AADE6138-D525-4B3B-B05A-34C98594D27C}.Release|Any CPU.Build.0 = Release|Any CPU
		{AADE6138-D525-4B3B-B05A-34C98594D27C}.Release|x64.ActiveCfg = Release|Any CPU
		{AADE6138-D525-4B3B-B05A-34C98594D27C}.Release|x64.Build.0 = Release|Any CPU
		{AADE6138-D525-4B3B-B05A-34C98594D27C}.Release|x86.ActiveCfg = Release|Any CPU
		{AADE6138-D525-4B3B-B05A-34C98594D27C}.Release|x86.Build.0 = Release|Any CPU
		{019F8627-DD0A-400E-9767-27BD47D80367}.Debug|Any CPU.ActiveCfg = Debug|Any CPU
		{019F8627-DD0A-400E-9767-27BD47D80367}.Debug|Any CPU.Build.0 = Debug|Any CPU
		{019F8627-DD0A-400E-9767-27BD47D80367}.Debug|x64.ActiveCfg = Debug|Any CPU
		{019F8627-DD0A-400E-9767-27BD47D80367}.Debug|x64.Build.0 = Debug|Any CPU
		{019F8627-DD0A-400E-9767-27BD47D80367}.Debug|x86.ActiveCfg = Debug|Any CPU
		{019F8627-DD0A-400E-9767-27BD47D80367}.Debug|x86.Build.0 = Debug|Any CPU
		{019F8627-DD0A-400E-9767-27BD47D80367}.Release|Any CPU.ActiveCfg = Release|Any CPU
		{019F8627-DD0A-400E-9767-27BD47D80367}.Release|Any CPU.Build.0 = Release|Any CPU
		{019F8627-DD0A-400E-9767-27BD47D80367}.Release|x64.ActiveCfg = Release|Any CPU
		{019F8627-DD0A-400E-9767-27BD47D80367}.Release|x64.Build.0 = Release|Any CPU
		{019F8627-DD0A-400E-9767-27BD47D80367}.Release|x86.ActiveCfg = Release|Any CPU
		{019F8627-DD0A-400E-9767-27BD47D80367}.Release|x86.Build.0 = Release|Any CPU
		{65041182-1629-406C-820A-840AAD274EA7}.Debug|Any CPU.ActiveCfg = Debug|Any CPU
		{65041182-1629-406C-820A-840AAD274EA7}.Debug|Any CPU.Build.0 = Debug|Any CPU
		{65041182-1629-406C-820A-840AAD274EA7}.Debug|x64.ActiveCfg = Debug|Any CPU
		{65041182-1629-406C-820A-840AAD274EA7}.Debug|x64.Build.0 = Debug|Any CPU
		{65041182-1629-406C-820A-840AAD274EA7}.Debug|x86.ActiveCfg = Debug|Any CPU
		{65041182-1629-406C-820A-840AAD274EA7}.Debug|x86.Build.0 = Debug|Any CPU
		{65041182-1629-406C-820A-840AAD274EA7}.Release|Any CPU.ActiveCfg = Release|Any CPU
		{65041182-1629-406C-820A-840AAD274EA7}.Release|Any CPU.Build.0 = Release|Any CPU
		{65041182-1629-406C-820A-840AAD274EA7}.Release|x64.ActiveCfg = Release|Any CPU
		{65041182-1629-406C-820A-840AAD274EA7}.Release|x64.Build.0 = Release|Any CPU
		{65041182-1629-406C-820A-840AAD274EA7}.Release|x86.ActiveCfg = Release|Any CPU
		{65041182-1629-406C-820A-840AAD274EA7}.Release|x86.Build.0 = Release|Any CPU
	EndGlobalSection
EndGlobal
